# This file is automatically @generated by Cargo.
# It is not intended for manual editing.
version = 3

[[package]]
name = "bitflags"
version = "0.7.0"
source = "registry+https://github.com/rust-lang/crates.io-index"
checksum = "aad18937a628ec6abcd26d1489012cc0e18c21798210f491af69ded9b881106d"

[[package]]
name = "byteorder"
version = "0.5.3"
source = "registry+https://github.com/rust-lang/crates.io-index"
checksum = "0fc10e8cc6b2580fda3f36eb6dc5316657f812a3df879a44a66fc9f0fdbc4855"

[[package]]
name = "color_quant"
version = "1.0.0"
source = "registry+https://github.com/rust-lang/crates.io-index"
checksum = "a475fc4af42d83d28adf72968d9bcfaf035a1a9381642d8e85d8a04957767b0d"

[[package]]
name = "deque"
version = "0.3.1"
source = "registry+https://github.com/rust-lang/crates.io-index"
checksum = "1614659040e711785ed8ea24219140654da1729f3ec8a47a9719d041112fe7bf"
dependencies = [
 "rand",
]

[[package]]
name = "enum_primitive"
version = "0.1.0"
source = "registry+https://github.com/rust-lang/crates.io-index"
checksum = "f79eff5be92a4d7d5bddf7daa7d650717ea71628634efe6ca7bcda85b2183c23"
dependencies = [
 "num",
]

[[package]]
name = "flate2"
version = "0.2.14"
source = "registry+https://github.com/rust-lang/crates.io-index"
checksum = "3eeb481e957304178d2e782f2da1257f1434dfecbae883bafb61ada2a9fea3bb"
dependencies = [
 "libc",
 "miniz-sys",
]

[[package]]
name = "gcc"
version = "0.3.41"
source = "registry+https://github.com/rust-lang/crates.io-index"
checksum = "3689e1982a563af74960ae3a4758aa632bb8fd984cfc3cc3b60ee6109477ab6e"

[[package]]
name = "gen-pix"
version = "0.1.0"
dependencies = [
 "genpixlib",
]

[[package]]
name = "genpixlib"
version = "0.1.0"
dependencies = [
 "image",
 "num-complex",
 "rand",
]

[[package]]
name = "gif"
version = "0.9.0"
source = "registry+https://github.com/rust-lang/crates.io-index"
checksum = "01c7c19a035de94bd7afbaa62c241aadfbdf1a70f560b348d2312eafa566ca16"
dependencies = [
 "color_quant",
 "lzw",
]

[[package]]
name = "glob"
version = "0.2.11"
source = "registry+https://github.com/rust-lang/crates.io-index"
checksum = "8be18de09a56b60ed0edf84bc9df007e30040691af7acd1c41874faac5895bfb"

[[package]]
name = "image"
version = "0.10.4"
source = "registry+https://github.com/rust-lang/crates.io-index"
checksum = "76df2dce95fef56fd35dbc41c36e37b19aede703c6be7739e8b65d5788ffc728"
dependencies = [
 "byteorder",
 "enum_primitive",
 "gif",
 "glob",
 "jpeg-decoder",
 "num-iter",
 "num-rational",
 "num-traits",
 "png",
 "scoped_threadpool",
]

[[package]]
name = "inflate"
version = "0.1.1"
source = "registry+https://github.com/rust-lang/crates.io-index"
checksum = "e7e0062d2dc2f17d2f13750d95316ae8a2ff909af0fda957084f5defd87c43bb"

[[package]]
name = "jpeg-decoder"
version = "0.1.10"
source = "registry+https://github.com/rust-lang/crates.io-index"
checksum = "f5c064189dd32804b645d90406c24c23b5feed62dcf31bf3a97763ff20f5d689"
dependencies = [
 "byteorder",
 "rayon",
]

[[package]]
name = "libc"
version = "0.2.18"
source = "registry+https://github.com/rust-lang/crates.io-index"
checksum = "a51822fc847e7a8101514d1d44e354ba2ffa7d4c194dcab48870740e327cac70"

[[package]]
name = "lzw"
version = "0.10.0"
source = "registry+https://github.com/rust-lang/crates.io-index"
checksum = "7d947cbb889ed21c2a84be6ffbaebf5b4e0f4340638cba0444907e38b56be084"

[[package]]
name = "miniz-sys"
version = "0.1.7"
source = "registry+https://github.com/rust-lang/crates.io-index"
checksum = "9d1f4d337a01c32e1f2122510fed46393d53ca35a7f429cb0450abaedfa3ed54"
dependencies = [
 "gcc",
 "libc",
]

[[package]]
name = "num"
version = "0.1.36"
source = "registry+https://github.com/rust-lang/crates.io-index"
checksum = "bde7c03b09e7c6a301ee81f6ddf66d7a28ec305699e3d3b056d2fc56470e3120"
dependencies = [
 "num-integer",
 "num-iter",
 "num-traits",
]

[[package]]
name = "num-bigint"
version = "0.1.35"
source = "registry+https://github.com/rust-lang/crates.io-index"
checksum = "88b14378471f7c2adc5262f05b4701ef53e8da376453a8d8fee48e51db745e49"
dependencies = [
 "num-integer",
 "num-traits",
 "rand",
 "rustc-serialize",
]

[[package]]
name = "num-complex"
version = "0.1.35"
source = "registry+https://github.com/rust-lang/crates.io-index"
checksum = "f0c78e054dd19c3fd03419ade63fa661e9c49bb890ce3beb4eee5b7baf93f92f"
dependencies = [
 "num-traits",
 "rustc-serialize",
]

[[package]]
name = "num-integer"
version = "0.1.32"
source = "registry+https://github.com/rust-lang/crates.io-index"
checksum = "fb24d9bfb3f222010df27995441ded1e954f8f69cd35021f6bef02ca9552fb92"
dependencies = [
 "num-traits",
]

[[package]]
name = "num-iter"
version = "0.1.32"
source = "registry+https://github.com/rust-lang/crates.io-index"
checksum = "287a1c9969a847055e1122ec0ea7a5c5d6f72aad97934e131c83d5c08ab4e45c"
dependencies = [
 "num-integer",
 "num-traits",
]

[[package]]
name = "num-rational"
version = "0.1.35"
source = "registry+https://github.com/rust-lang/crates.io-index"
checksum = "54ff603b8334a72fbb27fe66948aac0abaaa40231b3cecd189e76162f6f38aaf"
dependencies = [
 "num-bigint",
 "num-integer",
 "num-traits",
 "rustc-serialize",
]

[[package]]
name = "num-traits"
version = "0.1.36"
source = "registry+https://github.com/rust-lang/crates.io-index"
checksum = "a16a42856a256b39c6d3484f097f6713e14feacd9bfb02290917904fae46c81c"

[[package]]
name = "num_cpus"
version = "1.2.0"
source = "registry+https://github.com/rust-lang/crates.io-index"
checksum = "55aabf4e2d6271a2e4e4c0f2ea1f5b07cc589cc1a9e9213013b54a76678ca4f3"
dependencies = [
 "libc",
]

[[package]]
name = "png"
version = "0.5.2"
source = "registry+https://github.com/rust-lang/crates.io-index"
checksum = "06208e2ee243e3118a55dda9318f821f206d8563fb8d4df258767f8e62bb0997"
dependencies = [
 "bitflags",
 "flate2",
 "inflate",
 "num-iter",
]

[[package]]
name = "rand"
version = "0.3.15"
source = "registry+https://github.com/rust-lang/crates.io-index"
checksum = "022e0636ec2519ddae48154b028864bdce4eaf7d35226ab8e65c611be97b189d"
dependencies = [
 "libc",
]

[[package]]
name = "rayon"
version = "0.6.0"
source = "registry+https://github.com/rust-lang/crates.io-index"
checksum = "50c575b58c2b109e2fbc181820cbe177474f35610ff9e357dc75f6bac854ffbf"
dependencies = [
 "deque",
 "libc",
 "num_cpus",
 "rand",
]

[[package]]
name = "rustc-serialize"
version = "0.3.22"
source = "registry+https://github.com/rust-lang/crates.io-index"
checksum = "237546c689f20bb44980270c73c3b9edd0891c1be49cc1274406134a66d3957b"

[[package]]
name = "scoped_threadpool"
version = "0.1.7"
source = "registry+https://github.com/rust-lang/crates.io-index"
checksum = "3ef399c8893e8cb7aa9696e895427fab3a6bf265977bb96e126f24ddd2cda85a"
